
Microsoft Visual Studio Solution File, Format Version 12.00
# Visual Studio Version 16
VisualStudioVersion = 16.0.30011.22
MinimumVisualStudioVersion = 10.0.40219.1
Project("{FAE04EC0-301F-11D3-BF4B-00C04F79EFBC}") = "myrandomrealnumber", "myrandomrealnumber\myrandomrealnumber.csproj", "{559C3FCC-D3B8-49AF-AA9B-6F904F7D073A}"
EndProject
Global
	GlobalSection(SolutionConfigurationPlatforms) = preSolution
		Debug|Any CPU = Debug|Any CPU
		Release|Any CPU = Release|Any CPU
	EndGlobalSection
	GlobalSection(ProjectConfigurationPlatforms) = postSolution
		{559C3FCC-D3B8-49AF-AA9B-6F904F7D073A}.Debug|Any CPU.ActiveCfg = Debug|Any CPU
		{559C3FCC-D3B8-49AF-AA9B-6F904F7D073A}.Debug|Any CPU.Build.0 = Debug|Any CPU
		{559C3FCC-D3B8-49AF-AA9B-6F904F7D073A}.Release|Any CPU.ActiveCfg = Release|Any CPU
		{559C3FCC-D3B8-49AF-AA9B-6F904F7D073A}.Release|Any CPU.Build.0 = Release|Any CPU
	EndGlobalSection
	GlobalSection(SolutionProperties) = preSolution
		HideSolutionNode = FALSE
	EndGlobalSection
	GlobalSection(ExtensibilityGlobals) = postSolution
		SolutionGuid = {FA6BD05B-8006-4407-B445-9ED1A3B08FF5}
	EndGlobalSection
EndGlobal
